# This file was autogenerated by Stack.
# You should not edit this file by hand.
# For more information, please see the documentation at:
#   https://docs.haskellstack.org/en/stable/lock_files

packages:
- completed:
    hackage: hsexif-0.6.1.6@sha256:8972d2c8f81734c3acd1a269f74b153a865b1898c58eed561cb74cd0ab7eecb5,2287
    pantry-tree:
      size: 972
      sha256: 6b288fa18a4060704bdd069586595708d55a803032f6b2f1a27191446e2c6df8
  original:
    hackage: hsexif-0.6.1.6@sha256:8972d2c8f81734c3acd1a269f74b153a865b1898c58eed561cb74cd0ab7eecb5,2287
snapshots:
- completed:
    size: 493124
    url: https://raw.githubusercontent.com/commercialhaskell/stackage-snapshots/master/lts/15/10.yaml
    sha256: 48bc6d1d59224a5166265ef6cdda6a512f29ecc8ef7331826312b82377e89507
  original: lts-15.10
